
Microsoft Visual Studio Solution File, Format Version 12.00
# Visual Studio Version 16
VisualStudioVersion = 16.0.32901.82
MinimumVisualStudioVersion = 10.0.40219.1
Project("{FAE04EC0-301F-11D3-BF4B-00C04F79EFBC}") = "QuanLyNhanSu", "QuanLyNhanSu\QuanLyNhanSu.csproj", "{70C2D95E-F9CC-4D8B-8A88-584FD7640431}"
EndProject
Global
	GlobalSection(SolutionConfigurationPlatforms) = preSolution
		Debug|Any CPU = Debug|Any CPU
		Release|Any CPU = Release|Any CPU
	EndGlobalSection
	GlobalSection(ProjectConfigurationPlatforms) = postSolution
		{70C2D95E-F9CC-4D8B-8A88-584FD7640431}.Debug|Any CPU.ActiveCfg = Debug|Any CPU
		{70C2D95E-F9CC-4D8B-8A88-584FD7640431}.Debug|Any CPU.Build.0 = Debug|Any CPU
		{70C2D95E-F9CC-4D8B-8A88-584FD7640431}.Release|Any CPU.ActiveCfg = Release|Any CPU
		{70C2D95E-F9CC-4D8B-8A88-584FD7640431}.Release|Any CPU.Build.0 = Release|Any CPU
	EndGlobalSection
	GlobalSection(SolutionProperties) = preSolution
		HideSolutionNode = FALSE
	EndGlobalSection
	GlobalSection(ExtensibilityGlobals) = postSolution
		SolutionGuid = {28025228-F1B8-47C3-BF0F-54EA20B40919}
	EndGlobalSection
EndGlobal
